{
    "_readme": [
        "This file locks the dependencies of your project to a known state",
        "Read more about it at https://getcomposer.org/doc/01-basic-usage.md#installing-dependencies",
        "This file is @generated automatically"
    ],
    "content-hash": "293591fcff3e54ded41dcf8a2842768b",
    "packages": [
        {
            "name": "adbario/php-dot-notation",
            "version": "2.1.0",
            "source": {
                "type": "git",
                "url": "https://github.com/adbario/php-dot-notation.git",
                "reference": "895fe4bb153ac875c61a6fba658ded45405e73a4"
            },
            "dist": {
                "type": "zip",
                "url": "https://api.github.com/repos/adbario/php-dot-notation/zipball/895fe4bb153ac875c61a6fba658ded45405e73a4",
                "reference": "895fe4bb153ac875c61a6fba658ded45405e73a4",
                "shasum": ""
            },
            "require": {
                "php": ">=5.5"
            },
            "require-dev": {
                "phpunit/phpunit": "^4.0|^5.0|^6.0",
                "squizlabs/php_codesniffer": "^3.0"
            },
            "type": "library",
            "autoload": {
                "files": [
                    "src/helpers.php"
                ],
                "psr-4": {
                    "Adbar\\": "src"
                }
            },
            "notification-url": "https://packagist.org/downloads/",
            "license": [
                "MIT"
            ],
            "authors": [
                {
                    "name": "Riku Särkinen",
                    "email": "riku@adbar.io"
                }
            ],
            "description": "PHP dot notation access to arrays",
            "homepage": "https://github.com/adbario/php-dot-notation",
            "keywords": [
                "ArrayAccess",
                "dotnotation"
            ],
            "support": {
                "issues": "https://github.com/adbario/php-dot-notation/issues",
                "source": "https://github.com/adbario/php-dot-notation/tree/2.x"
            },
            "time": "2018-07-22T12:33:53+00:00"
        },
        {
            "name": "altorouter/altorouter",
            "version": "v1.1.0",
            "source": {
                "type": "git",
                "url": "https://github.com/dannyvankooten/AltoRouter.git",
                "reference": "09d9d946c546bae6d22a7654cdb3b825ffda54b4"
            },
            "dist": {
                "type": "zip",
                "url": "https://api.github.com/repos/dannyvankooten/AltoRouter/zipball/09d9d946c546bae6d22a7654cdb3b825ffda54b4",
                "reference": "09d9d946c546bae6d22a7654cdb3b825ffda54b4",
                "shasum": ""
            },
            "require": {
                "php": ">=5.3.0"
            },
            "type": "library",
            "autoload": {
                "classmap": [
                    "AltoRouter.php"
                ]
            },
            "notification-url": "https://packagist.org/downloads/",
            "license": [
                "MIT"
            ],
            "authors": [
                {
                    "name": "Danny van Kooten",
                    "email": "dannyvankooten@gmail.com",
                    "homepage": "http://dannyvankooten.com/"
                },
                {
                    "name": "Koen Punt",
                    "homepage": "https://github.com/koenpunt"
                },
                {
                    "name": "niahoo",
                    "homepage": "https://github.com/niahoo"
                }
            ],
            "description": "A lightning fast router for PHP",
            "homepage": "https://github.com/dannyvankooten/AltoRouter",
            "keywords": [
                "lightweight",
                "router",
                "routing"
            ],
            "support": {
                "issues": "https://github.com/dannyvankooten/AltoRouter/issues",
                "source": "https://github.com/dannyvankooten/AltoRouter/tree/master"
            },
            "time": "2014-04-16T09:44:40+00:00"
        },
        {
            "name": "composer/ca-bundle",
            "version": "1.4.0",
            "source": {
                "type": "git",
                "url": "https://github.com/composer/ca-bundle.git",
                "reference": "b66d11b7479109ab547f9405b97205640b17d385"
            },
            "dist": {
                "type": "zip",
                "url": "https://api.github.com/repos/composer/ca-bundle/zipball/b66d11b7479109ab547f9405b97205640b17d385",
                "reference": "b66d11b7479109ab547f9405b97205640b17d385",
                "shasum": ""
            },
            "require": {
                "ext-openssl": "*",
                "ext-pcre": "*",
                "php": "^5.3.2 || ^7.0 || ^8.0"
            },
            "require-dev": {
                "phpstan/phpstan": "^0.12.55",
                "psr/log": "^1.0",
                "symfony/phpunit-bridge": "^4.2 || ^5",
                "symfony/process": "^2.5 || ^3.0 || ^4.0 || ^5.0 || ^6.0 || ^7.0"
            },
            "type": "library",
            "extra": {
                "branch-alias": {
                    "dev-main": "1.x-dev"
                }
            },
            "autoload": {
                "psr-4": {
                    "Composer\\CaBundle\\": "src"
                }
            },
            "notification-url": "https://packagist.org/downloads/",
            "license": [
                "MIT"
            ],
            "authors": [
                {
                    "name": "Jordi Boggiano",
                    "email": "j.boggiano@seld.be",
                    "homepage": "http://seld.be"
                }
            ],
            "description": "Lets you find a path to the system CA bundle, and includes a fallback to the Mozilla CA bundle.",
            "keywords": [
                "cabundle",
                "cacert",
                "certificate",
                "ssl",
                "tls"
            ],
            "support": {
                "irc": "irc://irc.freenode.org/composer",
                "issues": "https://github.com/composer/ca-bundle/issues",
                "source": "https://github.com/composer/ca-bundle/tree/1.4.0"
            },
            "funding": [
                {
                    "url": "https://packagist.com",
                    "type": "custom"
                },
                {
                    "url": "https://github.com/composer",
                    "type": "github"
                },
                {
                    "url": "https://tidelift.com/funding/github/packagist/composer/composer",
                    "type": "tidelift"
                }
            ],
            "time": "2023-12-18T12:05:55+00:00"
        },
        {
            "name": "doctrine/annotations",
            "version": "1.14.3",
            "source": {
                "type": "git",
                "url": "https://github.com/doctrine/annotations.git",
                "reference": "fb0d71a7393298a7b232cbf4c8b1f73f3ec3d5af"
            },
            "dist": {
                "type": "zip",
                "url": "https://api.github.com/repos/doctrine/annotations/zipball/fb0d71a7393298a7b232cbf4c8b1f73f3ec3d5af",
                "reference": "fb0d71a7393298a7b232cbf4c8b1f73f3ec3d5af",
                "shasum": ""
            },
            "require": {
                "doctrine/lexer": "^1 || ^2",
                "ext-tokenizer": "*",
                "php": "^7.1 || ^8.0",
                "psr/cache": "^1 || ^2 || ^3"
            },
            "require-dev": {
                "doctrine/cache": "^1.11 || ^2.0",
                "doctrine/coding-standard": "^9 || ^10",
                "phpstan/phpstan": "~1.4.10 || ^1.8.0",
                "phpunit/phpunit": "^7.5 || ^8.5 || ^9.5",
                "symfony/cache": "^4.4 || ^5.4 || ^6",
                "vimeo/psalm": "^4.10"
            },
            "suggest": {
                "php": "PHP 8.0 or higher comes with attributes, a native replacement for annotations"
            },
            "type": "library",
            "autoload": {
                "psr-4": {
                    "Doctrine\\Common\\Annotations\\": "lib/Doctrine/Common/Annotations"
                }
            },
            "notification-url": "https://packagist.org/downloads/",
            "license": [
                "MIT"
            ],
            "authors": [
                {
                    "name": "Guilherme Blanco",
                    "email": "guilhermeblanco@gmail.com"
                },
                {
                    "name": "Roman Borschel",
                    "email": "roman@code-factory.org"
                },
                {
                    "name": "Benjamin Eberlei",
                    "email": "kontakt@beberlei.de"
                },
                {
                    "name": "Jonathan Wage",
                    "email": "jonwage@gmail.com"
                },
                {
                    "name": "Johannes Schmitt",
                    "email": "schmittjoh@gmail.com"
                }
            ],
            "description": "Docblock Annotations Parser",
            "homepage": "https://www.doctrine-project.org/projects/annotations.html",
            "keywords": [
                "annotations",
                "docblock",
                "parser"
            ],
            "support": {
                "issues": "https://github.com/doctrine/annotations/issues",
                "source": "https://github.com/doctrine/annotations/tree/1.14.3"
            },
            "time": "2023-02-01T09:20:38+00:00"
        },
        {
            "name": "geoip2/geoip2",
            "version": "v2.13.0",
            "source": {
                "type": "git",
                "url": "git@github.com:maxmind/GeoIP2-php.git",
                "reference": "6a41d8fbd6b90052bc34dff3b4252d0f88067b23"
            },
            "dist": {
                "type": "zip",
                "url": "https://api.github.com/repos/maxmind/GeoIP2-php/zipball/6a41d8fbd6b90052bc34dff3b4252d0f88067b23",
                "reference": "6a41d8fbd6b90052bc34dff3b4252d0f88067b23",
                "shasum": ""
            },
            "require": {
                "ext-json": "*",
                "maxmind-db/reader": "~1.8",
                "maxmind/web-service-common": "~0.8",
                "php": ">=7.2"
            },
            "require-dev": {
                "friendsofphp/php-cs-fixer": "3.*",
                "phpstan/phpstan": "*",
                "phpunit/phpunit": "^8.0 || ^9.0",
                "squizlabs/php_codesniffer": "3.*"
            },
            "type": "library",
            "autoload": {
                "psr-4": {
                    "GeoIp2\\": "src"
                }
            },
            "notification-url": "https://packagist.org/downloads/",
            "license": [
                "Apache-2.0"
            ],
            "authors": [
                {
                    "name": "Gregory J. Oschwald",
                    "email": "goschwald@maxmind.com",
                    "homepage": "https://www.maxmind.com/"
                }
            ],
            "description": "MaxMind GeoIP2 PHP API",
            "homepage": "https://github.com/maxmind/GeoIP2-php",
            "keywords": [
                "IP",
                "geoip",
                "geoip2",
                "geolocation",
                "maxmind"
            ],
            "time": "2022-08-05T20:32:58+00:00"
        },
        {
            "name": "maxmind-db/reader",
            "version": "v1.11.1",
            "source": {
                "type": "git",
                "url": "git@github.com:maxmind/MaxMind-DB-Reader-php.git",
                "reference": "1e66f73ffcf25e17c7a910a1317e9720a95497c7"
            },
            "dist": {
                "type": "zip",
                "url": "https://api.github.com/repos/maxmind/MaxMind-DB-Reader-php/zipball/1e66f73ffcf25e17c7a910a1317e9720a95497c7",
                "reference": "1e66f73ffcf25e17c7a910a1317e9720a95497c7",
                "shasum": ""
            },
            "require": {
                "php": ">=7.2"
            },
            "conflict": {
                "ext-maxminddb": "<1.11.1,>=2.0.0"
            },
            "require-dev": {
                "friendsofphp/php-cs-fixer": "3.*",
                "php-coveralls/php-coveralls": "^2.1",
                "phpstan/phpstan": "*",
                "phpunit/phpcov": ">=6.0.0",
                "phpunit/phpunit": ">=8.0.0,<10.0.0",
                "squizlabs/php_codesniffer": "3.*"
            },
            "suggest": {
                "ext-bcmath": "bcmath or gmp is required for decoding larger integers with the pure PHP decoder",
                "ext-gmp": "bcmath or gmp is required for decoding larger integers with the pure PHP decoder",
                "ext-maxminddb": "A C-based database decoder that provides significantly faster lookups"
            },
            "type": "library",
            "autoload": {
                "psr-4": {
                    "MaxMind\\Db\\": "src/MaxMind/Db"
                }
            },
            "notification-url": "https://packagist.org/downloads/",
            "license": [
                "Apache-2.0"
            ],
            "authors": [
                {
                    "name": "Gregory J. Oschwald",
                    "email": "goschwald@maxmind.com",
                    "homepage": "https://www.maxmind.com/"
                }
            ],
            "description": "MaxMind DB Reader API",
            "homepage": "https://github.com/maxmind/MaxMind-DB-Reader-php",
            "keywords": [
                "database",
                "geoip",
                "geoip2",
                "geolocation",
                "maxmind"
            ],
            "time": "2023-12-02T00:09:23+00:00"
        },
        {
            "name": "maxmind/web-service-common",
            "version": "v0.9.0",
            "source": {
                "type": "git",
                "url": "https://github.com/maxmind/web-service-common-php.git",
                "reference": "4dc5a3e8df38aea4ca3b1096cee3a038094e9b53"
            },
            "dist": {
                "type": "zip",
                "url": "https://api.github.com/repos/maxmind/web-service-common-php/zipball/4dc5a3e8df38aea4ca3b1096cee3a038094e9b53",
                "reference": "4dc5a3e8df38aea4ca3b1096cee3a038094e9b53",
                "shasum": ""
            },
            "require": {
                "composer/ca-bundle": "^1.0.3",
                "ext-curl": "*",
                "ext-json": "*",
                "php": ">=7.2"
            },
            "require-dev": {
                "friendsofphp/php-cs-fixer": "3.*",
                "phpstan/phpstan": "*",
                "phpunit/phpunit": "^8.0 || ^9.0",
                "squizlabs/php_codesniffer": "3.*"
            },
            "type": "library",
            "autoload": {
                "psr-4": {
                    "MaxMind\\Exception\\": "src/Exception",
                    "MaxMind\\WebService\\": "src/WebService"
                }
            },
            "notification-url": "https://packagist.org/downloads/",
            "license": [
                "Apache-2.0"
            ],
            "authors": [
                {
                    "name": "Gregory Oschwald",
                    "email": "goschwald@maxmind.com"
                }
            ],
            "description": "Internal MaxMind Web Service API",
            "homepage": "https://github.com/maxmind/web-service-common-php",
            "support": {
                "issues": "https://github.com/maxmind/web-service-common-php/issues",
                "source": "https://github.com/maxmind/web-service-common-php/tree/v0.9.0"
            },
            "time": "2022-03-28T17:43:20+00:00"
        },
        {
            "name": "mobiledetect/mobiledetectlib",
            "version": "2.8.33",
            "source": {
                "type": "git",
                "url": "https://github.com/serbanghita/Mobile-Detect.git",
                "reference": "cd385290f9a0d609d2eddd165a1e44ec1bf12102"
            },
            "dist": {
                "type": "zip",
                "url": "https://api.github.com/repos/serbanghita/Mobile-Detect/zipball/cd385290f9a0d609d2eddd165a1e44ec1bf12102",
                "reference": "cd385290f9a0d609d2eddd165a1e44ec1bf12102",
                "shasum": ""
            },
            "require": {
                "php": ">=5.0.0"
            },
            "require-dev": {
                "phpunit/phpunit": "~4.8.35||~5.7"
            },
            "type": "library",
            "autoload": {
                "psr-0": {
                    "Detection": "namespaced/"
                },
                "classmap": [
                    "Mobile_Detect.php"
                ]
            },
            "notification-url": "https://packagist.org/downloads/",
            "license": [
                "MIT"
            ],
            "authors": [
                {
                    "name": "Serban Ghita",
                    "email": "serbanghita@gmail.com",
                    "homepage": "http://mobiledetect.net",
                    "role": "Developer"
                }
            ],
            "description": "Mobile_Detect is a lightweight PHP class for detecting mobile devices. It uses the User-Agent string combined with specific HTTP headers to detect the mobile environment.",
            "homepage": "https://github.com/serbanghita/Mobile-Detect",
            "keywords": [
                "detect mobile devices",
                "mobile",
                "mobile detect",
                "mobile detector",
                "php mobile detect"
            ],
            "support": {
                "issues": "https://github.com/serbanghita/Mobile-Detect/issues",
                "source": "https://github.com/serbanghita/Mobile-Detect/tree/devel"
            },
            "time": "2018-09-01T15:05:15+00:00"
        },
        {
            "name": "mso/idna-convert",
            "version": "v1.1.0",
            "source": {
                "type": "git",
                "url": "https://github.com/algo26-matthias/idna-convert.git",
                "reference": "a6dfb6f87611e3a89d2eec4924a0f51db755c573"
            },
            "dist": {
                "type": "zip",
                "url": "https://api.github.com/repos/algo26-matthias/idna-convert/zipball/a6dfb6f87611e3a89d2eec4924a0f51db755c573",
                "reference": "a6dfb6f87611e3a89d2eec4924a0f51db755c573",
                "shasum": ""
            },
            "require": {
                "ext-pcre": "*",
                "php": ">=5.6.0"
            },
            "type": "library",
            "extra": {
                "branch-alias": {
                    "dev-master": "1.0.x-dev"
                }
            },
            "autoload": {
                "psr-4": {
                    "Mso\\IdnaConvert\\": "src"
                }
            },
            "notification-url": "https://packagist.org/downloads/",
            "license": [
                "LGPL-2.1+"
            ],
            "authors": [
                {
                    "name": "Matthias Sommerfeld",
                    "email": "mso@phlylabs.de",
                    "role": "Developer"
                }
            ],
            "description": "A library for encoding and decoding internationalized domain names",
            "homepage": "http://idnaconv.net/",
            "keywords": [
                "idn",
                "idna",
                "php"
            ],
            "support": {
                "issues": "https://github.com/algo26-matthias/idna-convert/issues",
                "source": "https://github.com/algo26-matthias/idna-convert/tree/v1.1.0"
            },
            "abandoned": "algo26-matthias/idna-convert",
            "time": "2016-06-19T18:08:43+00:00"
        },
        {
            "name": "piwik/ini",
            "version": "1.0.6",
            "source": {
                "type": "git",
                "url": "https://github.com/piwik/component-ini.git",
                "reference": "bd2711ba4d5e20e4ca09b6829dc2831576b59dc3"
            },
            "dist": {
                "type": "zip",
                "url": "https://api.github.com/repos/piwik/component-ini/zipball/bd2711ba4d5e20e4ca09b6829dc2831576b59dc3",
                "reference": "bd2711ba4d5e20e4ca09b6829dc2831576b59dc3",
                "shasum": ""
            },
            "require": {
                "php": ">=5.3.3"
            },
            "require-dev": {
                "athletic/athletic": "0.1.*",
                "phpunit/phpunit": "~4.0"
            },
            "type": "library",
            "autoload": {
                "psr-4": {
                    "Piwik\\Ini\\": "src/"
                }
            },
            "notification-url": "https://packagist.org/downloads/",
            "license": [
                "LGPL-3.0"
            ],
            "support": {
                "issues": "https://github.com/piwik/component-ini/issues",
                "source": "https://github.com/piwik/component-ini/tree/master"
            },
            "abandoned": "matomo/ini",
            "time": "2016-01-14T21:13:33+00:00"
        },
        {
            "name": "rappasoft/laravel-helpers",
            "version": "1.0.2",
            "source": {
                "type": "git",
                "url": "https://github.com/rappasoft/laravel-helpers.git",
                "reference": "c8dfa1e979437528262725ebe99c2e6383b24c16"
            },
            "dist": {
                "type": "zip",
                "url": "https://api.github.com/repos/rappasoft/laravel-helpers/zipball/c8dfa1e979437528262725ebe99c2e6383b24c16",
                "reference": "c8dfa1e979437528262725ebe99c2e6383b24c16",
                "shasum": ""
            },
            "require": {
                "php": ">=5.4.0"
            },
            "type": "library",
            "autoload": {
                "files": [
                    "src/helpers.php"
                ]
            },
            "notification-url": "https://packagist.org/downloads/",
            "license": [
                "MIT"
            ],
            "authors": [
                {
                    "name": "Anthony Rappa",
                    "email": "rappa819@gmail.com"
                }
            ],
            "description": "Laravel Helpers for Non-Laravel Projects",
            "keywords": [
                "helpers",
                "laravel"
            ],
            "support": {
                "issues": "https://github.com/rappasoft/laravel-helpers/issues",
                "source": "https://github.com/rappasoft/laravel-helpers/tree/1.0.2"
            },
            "time": "2019-04-03T13:15:59+00:00"
        },
        {
            "name": "symfony/polyfill-apcu",
            "version": "v1.10.0",
            "source": {
                "type": "git",
                "url": "https://github.com/symfony/polyfill-apcu.git",
                "reference": "19e1b73bf255265ad0b568f81766ae2a3266d8d2"
            },
            "dist": {
                "type": "zip",
                "url": "https://api.github.com/repos/symfony/polyfill-apcu/zipball/19e1b73bf255265ad0b568f81766ae2a3266d8d2",
                "reference": "19e1b73bf255265ad0b568f81766ae2a3266d8d2",
                "shasum": ""
            },
            "require": {
                "php": ">=5.3.3"
            },
            "type": "library",
            "extra": {
                "branch-alias": {
                    "dev-master": "1.9-dev"
                }
            },
            "autoload": {
                "files": [
                    "bootstrap.php"
                ],
                "psr-4": {
                    "Symfony\\Polyfill\\Apcu\\": ""
                }
            },
            "notification-url": "https://packagist.org/downloads/",
            "license": [
                "MIT"
            ],
            "authors": [
                {
                    "name": "Nicolas Grekas",
                    "email": "p@tchwork.com"
                },
                {
                    "name": "Symfony Community",
                    "homepage": "https://symfony.com/contributors"
                }
            ],
            "description": "Symfony polyfill backporting apcu_* functions to lower PHP versions",
            "homepage": "https://symfony.com",
            "keywords": [
                "apcu",
                "compatibility",
                "polyfill",
                "portable",
                "shim"
            ],
            "support": {
                "source": "https://github.com/symfony/polyfill-apcu/tree/v1.9.0"
            },
            "time": "2018-08-06T14:22:27+00:00"
        },
        {
            "name": "zircote/swagger-php",
            "version": "3.3.7",
            "source": {
                "type": "git",
                "url": "https://github.com/zircote/swagger-php.git",
                "reference": "e8c3bb316e385e93a0c7e8b2aa0681079244c381"
            },
            "dist": {
                "type": "zip",
                "url": "https://api.github.com/repos/zircote/swagger-php/zipball/e8c3bb316e385e93a0c7e8b2aa0681079244c381",
                "reference": "e8c3bb316e385e93a0c7e8b2aa0681079244c381",
                "shasum": ""
            },
            "require": {
                "doctrine/annotations": "^1.7",
                "ext-json": "*",
                "php": ">=7.2",
                "psr/log": "^1.1 || ^2.0 || ^3.0",
                "symfony/finder": ">=2.2",
                "symfony/yaml": ">=3.3"
            },
            "require-dev": {
                "composer/package-versions-deprecated": "1.11.99.2",
                "friendsofphp/php-cs-fixer": "^2.17 || ^3.0",
                "phpunit/phpunit": ">=8.5.14"
            },
            "bin": [
                "bin/openapi"
            ],
            "type": "library",
            "autoload": {
                "files": [
                    "src/functions.php"
                ],
                "psr-4": {
                    "OpenApi\\": "src"
                }
            },
            "notification-url": "https://packagist.org/downloads/",
            "license": [
                "Apache-2.0"
            ],
            "authors": [
                {
                    "name": "Robert Allen",
                    "email": "zircote@gmail.com"
                },
                {
                    "name": "Bob Fanger",
                    "email": "bfanger@gmail.com",
                    "homepage": "https://bfanger.nl"
                },
                {
                    "name": "Martin Rademacher",
                    "email": "mano@radebatz.net",
                    "homepage": "https://radebatz.net"
                }
            ],
            "description": "swagger-php - Generate interactive documentation for your RESTful API using phpdoc annotations",
            "homepage": "https://github.com/zircote/swagger-php/",
            "keywords": [
                "api",
                "json",
                "rest",
                "service discovery"
            ],
            "support": {
                "issues": "https://github.com/zircote/swagger-php/issues",
                "source": "https://github.com/zircote/swagger-php/tree/3.3.7"
            },
            "time": "2023-01-03T21:17:10+00:00"
        }
    ],
    "packages-dev": [],
    "aliases": [],
    "minimum-stability": "stable",
    "stability-flags": [],
    "prefer-stable": false,
    "prefer-lowest": false,
    "platform": {
        "php": ">=7.2.0"
    },
    "platform-dev": [],
    "plugin-api-version": "2.1.0"
}
